# generated by rye
# use `rye lock` or `rye sync` to update this lockfile
#
# last locked with the following flags:
#   pre: false
#   features: []
#   all-features: true
#   with-sources: false
#   generate-hashes: false
#   universal: false

-e file:.
annotated-types==0.7.0
    # via pydantic
anyio==4.4.0
    # via httpx
    # via sing-box-rules
    # via starlette
asttokens==2.4.1
    # via icecream
babel==2.16.0
    # via mkdocs-git-revision-date-localized-plugin
    # via mkdocs-material
black==24.8.0
    # via sing-box-rules
boltons==24.0.0
    # via sing-box-rules
cairocffi==1.7.1
    # via cairosvg
cairosvg==2.7.1
    # via mkdocs-material
certifi==2024.8.30
    # via httpcore
    # via httpx
    # via requests
cffi==1.17.1
    # via cairocffi
charset-normalizer==3.3.2
    # via requests
click==8.1.7
    # via black
    # via marimo
    # via mkdocs
    # via mkdocstrings
    # via uvicorn
colorama==0.4.6
    # via griffe
    # via icecream
    # via mkdocs-material
cssselect2==0.7.0
    # via cairosvg
defusedxml==0.7.1
    # via cairosvg
docutils==0.21.2
    # via marimo
executing==2.1.0
    # via icecream
ghp-import==2.1.0
    # via mkdocs
gitdb==4.0.11
    # via gitpython
gitpython==3.1.43
    # via mkdocs-git-committers-plugin-2
    # via mkdocs-git-revision-date-localized-plugin
griffe==1.2.0
    # via mkdocstrings-python
h11==0.14.0
    # via httpcore
    # via uvicorn
httpcore==1.0.5
    # via httpx
httpx==0.27.2
    # via sing-box-rules
humanize==4.10.0
    # via sing-box-rules
icecream==2.1.3
idna==3.8
    # via anyio
    # via httpx
    # via requests
itsdangerous==2.2.0
    # via marimo
jedi==0.19.1
    # via marimo
jinja2==3.1.4
    # via mkdocs
    # via mkdocs-embed-external-markdown
    # via mkdocs-material
    # via mkdocstrings
lazy-loader==0.4
    # via sing-box-rules
loguru==0.7.2
    # via sing-box-rules
marimo==0.8.11
markdown==3.7
    # via marimo
    # via mkdocs
    # via mkdocs-autorefs
    # via mkdocs-material
    # via mkdocstrings
    # via pymdown-extensions
markdown-it-py==3.0.0
    # via rich
markupsafe==2.1.5
    # via jinja2
    # via mkdocs
    # via mkdocs-autorefs
    # via mkdocstrings
mdurl==0.1.2
    # via markdown-it-py
mergedeep==1.3.4
    # via mkdocs
    # via mkdocs-get-deps
mkdocs==1.6.1
    # via mkdocs-autorefs
    # via mkdocs-gen-files
    # via mkdocs-git-committers-plugin-2
    # via mkdocs-git-revision-date-localized-plugin
    # via mkdocs-literate-nav
    # via mkdocs-material
    # via mkdocs-section-index
    # via mkdocstrings
    # via sing-box-rules
mkdocs-autorefs==1.2.0
    # via mkdocstrings
    # via mkdocstrings-python
mkdocs-embed-external-markdown==3.0.2
    # via sing-box-rules
mkdocs-gen-files==0.5.0
    # via sing-box-rules
mkdocs-get-deps==0.2.0
    # via mkdocs
mkdocs-git-committers-plugin-2==2.3.0
    # via sing-box-rules
mkdocs-git-revision-date-localized-plugin==1.2.7
    # via sing-box-rules
mkdocs-literate-nav==0.6.1
    # via sing-box-rules
mkdocs-material==9.5.34
    # via sing-box-rules
mkdocs-material-extensions==1.3.1
    # via mkdocs-material
mkdocs-section-index==0.3.9
    # via sing-box-rules
mkdocstrings==0.26.0
    # via mkdocstrings-python
    # via sing-box-rules
mkdocstrings-python==1.11.1
    # via sing-box-rules
mypy-extensions==1.0.0
    # via black
packaging==24.1
    # via black
    # via lazy-loader
    # via marimo
    # via mkdocs
paginate==0.5.7
    # via mkdocs-material
parso==0.8.4
    # via jedi
pathspec==0.12.1
    # via black
    # via mkdocs
pillow==10.4.0
    # via cairosvg
    # via mkdocs-material
platformdirs==4.2.2
    # via black
    # via mkdocs-get-deps
    # via mkdocstrings
prettytable==3.11.0
    # via sing-box-rules
psutil==6.0.0
    # via marimo
pycparser==2.22
    # via cffi
pydantic==2.8.2
    # via sing-box-rules
pydantic-core==2.20.1
    # via pydantic
pygments==2.18.0
    # via icecream
    # via marimo
    # via mkdocs-material
    # via rich
pymdown-extensions==10.9
    # via marimo
    # via mkdocs-material
    # via mkdocstrings
python-dateutil==2.9.0.post0
    # via ghp-import
pytz==2024.1
    # via mkdocs-git-revision-date-localized-plugin
pyyaml==6.0.2
    # via marimo
    # via mkdocs
    # via mkdocs-get-deps
    # via pymdown-extensions
    # via pyyaml-env-tag
pyyaml-env-tag==0.1
    # via mkdocs
regex==2024.7.24
    # via mkdocs-material
requests==2.32.3
    # via mkdocs-embed-external-markdown
    # via mkdocs-git-committers-plugin-2
    # via mkdocs-material
rich==13.8.0
    # via sing-box-rules
ruff==0.6.3
    # via marimo
six==1.16.0
    # via asttokens
    # via python-dateutil
smmap==5.0.1
    # via gitdb
sniffio==1.3.1
    # via anyio
    # via httpx
socksio==1.0.0
    # via httpx
starlette==0.38.4
    # via marimo
tinycss2==1.3.0
    # via cairosvg
    # via cssselect2
tomlkit==0.13.2
    # via marimo
typing-extensions==4.12.2
    # via pydantic
    # via pydantic-core
ubelt==1.3.6
    # via sing-box-rules
urllib3==2.2.2
    # via requests
uvicorn==0.30.6
    # via marimo
validators==0.34.0
    # via sing-box-rules
watchdog==5.0.2
    # via mkdocs
wcwidth==0.2.13
    # via prettytable
webencodings==0.5.1
    # via cssselect2
    # via tinycss2
websockets==12.0
    # via marimo
