# generated by rye
# use `rye lock` or `rye sync` to update this lockfile
#
# last locked with the following flags:
#   pre: false
#   features: []
#   all-features: false
#   with-sources: false
#   generate-hashes: false

-e file:.
annotated-types==0.7.0
    # via pydantic
certifi==2024.6.2
    # via requests
charset-normalizer==3.3.2
    # via requests
idna==3.7
    # via requests
pydantic==2.7.3
    # via sing-box-rules
pydantic-core==2.18.4
    # via pydantic
requests==2.32.3
    # via sing-box-rules
typing-extensions==4.12.2
    # via pydantic
    # via pydantic-core
urllib3==2.2.1
    # via requests
